// !$*UTF8*$!
{
	archiveVersion = 1;
	classes = {
	};
	objectVersion = 56;
	objects = {

/* Begin PBXBuildFile section */
		7BB0A70C2B762B7500517D49 /* AppDelegate.swift in Sources */ = {isa = PBXBuildFile; fileRef = 7BB0A70B2B762B7500517D49 /* AppDelegate.swift */; };
		7BB0A70E2B762B7500517D49 /* SceneDelegate.swift in Sources */ = {isa = PBXBuildFile; fileRef = 7BB0A70D2B762B7500517D49 /* SceneDelegate.swift */; };
		7BB0A7102B762B7500517D49 /* WeatherMainViewController.swift in Sources */ = {isa = PBXBuildFile; fileRef = 7BB0A70F2B762B7500517D49 /* WeatherMainViewController.swift */; };
		7BB0A7152B762B7600517D49 /* Assets.xcassets in Resources */ = {isa = PBXBuildFile; fileRef = 7BB0A7142B762B7600517D49 /* Assets.xcassets */; };
		7BB0A7182B762B7600517D49 /* LaunchScreen.storyboard in Resources */ = {isa = PBXBuildFile; fileRef = 7BB0A7162B762B7600517D49 /* LaunchScreen.storyboard */; };
		7BB0A7202B762BAB00517D49 /* memo in Resources */ = {isa = PBXBuildFile; fileRef = 7BB0A71F2B762BAB00517D49 /* memo */; };
		7BB0A7272B76883700517D49 /* .gitignore in Resources */ = {isa = PBXBuildFile; fileRef = 7BB0A7262B76883700517D49 /* .gitignore */; };
		7BB0A72A2B76887300517D49 /* APIKey.swift in Sources */ = {isa = PBXBuildFile; fileRef = 7BB0A7292B76887300517D49 /* APIKey.swift */; };
		7BB0A72C2B76F18900517D49 /* WeatherAPI.swift in Sources */ = {isa = PBXBuildFile; fileRef = 7BB0A72B2B76F18900517D49 /* WeatherAPI.swift */; };
		7BB0A72E2B76FF6B00517D49 /* WeaherAPIManager.swift in Sources */ = {isa = PBXBuildFile; fileRef = 7BB0A72D2B76FF6B00517D49 /* WeaherAPIManager.swift */; };
		7BB0A7332B7703B900517D49 /* APIModel.swift in Sources */ = {isa = PBXBuildFile; fileRef = 7BB0A7322B7703B900517D49 /* APIModel.swift */; };
		7BB0A7362B7762C200517D49 /* HomeTableHeaderModel.swift in Sources */ = {isa = PBXBuildFile; fileRef = 7BB0A7352B7762C200517D49 /* HomeTableHeaderModel.swift */; };
		7BB0A7382B77670800517D49 /* TempAssistance.swift in Sources */ = {isa = PBXBuildFile; fileRef = 7BB0A7372B77670800517D49 /* TempAssistance.swift */; };
		7BB0A73A2B777E6900517D49 /* DateAssistance.swift in Sources */ = {isa = PBXBuildFile; fileRef = 7BB0A7392B777E6900517D49 /* DateAssistance.swift */; };
		7BB0A73F2B78BA1200517D49 /* MainHomeView.swift in Sources */ = {isa = PBXBuildFile; fileRef = 7BB0A73E2B78BA1200517D49 /* MainHomeView.swift */; };
		7BB0A7432B78BA5500517D49 /* BaseView.swift in Sources */ = {isa = PBXBuildFile; fileRef = 7BB0A7422B78BA5500517D49 /* BaseView.swift */; };
		7BB0A7472B78BB3C00517D49 /* CurrentWeatherHeaderView.swift in Sources */ = {isa = PBXBuildFile; fileRef = 7BB0A7462B78BB3C00517D49 /* CurrentWeatherHeaderView.swift */; };
		7BB0A74A2B78BD6E00517D49 /* SnapKit in Frameworks */ = {isa = PBXBuildFile; productRef = 7BB0A7492B78BD6E00517D49 /* SnapKit */; };
		7BB0A74C2B78BD6E00517D49 /* SnapKit-Dynamic in Frameworks */ = {isa = PBXBuildFile; productRef = 7BB0A74B2B78BD6E00517D49 /* SnapKit-Dynamic */; };
		7BB0A74E2B78CABD00517D49 /* TestViewContoller.swift in Sources */ = {isa = PBXBuildFile; fileRef = 7BB0A74D2B78CABD00517D49 /* TestViewContoller.swift */; };
		7BB0A7502B78D80600517D49 /* Extention.swift in Sources */ = {isa = PBXBuildFile; fileRef = 7BB0A74F2B78D80600517D49 /* Extention.swift */; };
		7BB0A7522B78F4C900517D49 /*  TemperatureAssistance.swift in Sources */ = {isa = PBXBuildFile; fileRef = 7BB0A7512B78F4C900517D49 /*  TemperatureAssistance.swift */; };
		7BB0A7562B78FAE800517D49 /* MainHomeTableViewCell.swift in Sources */ = {isa = PBXBuildFile; fileRef = 7BB0A7552B78FAE800517D49 /* MainHomeTableViewCell.swift */; };
		7BB0A7592B78FB0C00517D49 /* BaseTableCell.swift in Sources */ = {isa = PBXBuildFile; fileRef = 7BB0A7582B78FB0C00517D49 /* BaseTableCell.swift */; };
		7BB0A75E2B78FC6C00517D49 /* IntervalLabelView.swift in Sources */ = {isa = PBXBuildFile; fileRef = 7BB0A75D2B78FC6C00517D49 /* IntervalLabelView.swift */; };
		7BB0A7602B790B2200517D49 /* Session.swift in Sources */ = {isa = PBXBuildFile; fileRef = 7BB0A75F2B790B2200517D49 /* Session.swift */; };
		7BB0A7642B790D1E00517D49 /* TimesWeatherCollecionViewCell.swift in Sources */ = {isa = PBXBuildFile; fileRef = 7BB0A7632B790D1E00517D49 /* TimesWeatherCollecionViewCell.swift */; };
		7BB0A7662B790D3400517D49 /* BaseCollectionViewCell.swift in Sources */ = {isa = PBXBuildFile; fileRef = 7BB0A7652B790D3400517D49 /* BaseCollectionViewCell.swift */; };
		7BB0A7692B790E0A00517D49 /* Kingfisher in Frameworks */ = {isa = PBXBuildFile; productRef = 7BB0A7682B790E0A00517D49 /* Kingfisher */; };
		7BB0A76B2B79A55900517D49 /* IntervalDateAssistance.swift in Sources */ = {isa = PBXBuildFile; fileRef = 7BB0A76A2B79A55900517D49 /* IntervalDateAssistance.swift */; };
		7BB0A76D2B79B8D400517D49 /* ImageAssistance.swift in Sources */ = {isa = PBXBuildFile; fileRef = 7BB0A76C2B79B8D400517D49 /* ImageAssistance.swift */; };
		7BB0A76F2B79C09400517D49 /* FiveDayIntervalTableCell.swift in Sources */ = {isa = PBXBuildFile; fileRef = 7BB0A76E2B79C09400517D49 /* FiveDayIntervalTableCell.swift */; };
		7BB0A7712B79CD1500517D49 /* FiveInnerTableViewCell.swift in Sources */ = {isa = PBXBuildFile; fileRef = 7BB0A7702B79CD1500517D49 /* FiveInnerTableViewCell.swift */; };
		7BB0A7742B7A03D400517D49 /* WeatherTabbarController.swift in Sources */ = {isa = PBXBuildFile; fileRef = 7BB0A7732B7A03D400517D49 /* WeatherTabbarController.swift */; };
		7BB0A7762B7A073300517D49 /* CustomTabbarView.swift in Sources */ = {isa = PBXBuildFile; fileRef = 7BB0A7752B7A073300517D49 /* CustomTabbarView.swift */; };
		7BB0A7782B7A107800517D49 /* CityListViewController.swift in Sources */ = {isa = PBXBuildFile; fileRef = 7BB0A7772B7A107800517D49 /* CityListViewController.swift */; };
		7BB0A77A2B7A109000517D49 /* BaseViewController.swift in Sources */ = {isa = PBXBuildFile; fileRef = 7BB0A7792B7A109000517D49 /* BaseViewController.swift */; };
		7BB0A77D2B7A115E00517D49 /* CityListHomeView.swift in Sources */ = {isa = PBXBuildFile; fileRef = 7BB0A77C2B7A115E00517D49 /* CityListHomeView.swift */; };
		7BB0A77F2B7A13AB00517D49 /* CityList1.json in Resources */ = {isa = PBXBuildFile; fileRef = 7BB0A77E2B7A13AB00517D49 /* CityList1.json */; };
		7BB0A7822B7A141400517D49 /* CityInfo.swift in Sources */ = {isa = PBXBuildFile; fileRef = 7BB0A7812B7A141400517D49 /* CityInfo.swift */; };
		7BB0A7842B7A1A1C00517D49 /* CityInfoTableViewCell.swift in Sources */ = {isa = PBXBuildFile; fileRef = 7BB0A7832B7A1A1C00517D49 /* CityInfoTableViewCell.swift */; };
		7BB0A7862B7A2BA900517D49 /* AlertAssistance.swift in Sources */ = {isa = PBXBuildFile; fileRef = 7BB0A7852B7A2BA900517D49 /* AlertAssistance.swift */; };
		7BB0A7882B7A32C700517D49 /* SearchAssistance.swift in Sources */ = {isa = PBXBuildFile; fileRef = 7BB0A7872B7A32C700517D49 /* SearchAssistance.swift */; };
		7BB0A78A2B7A46E100517D49 /* MapViewController.swift in Sources */ = {isa = PBXBuildFile; fileRef = 7BB0A7892B7A46E100517D49 /* MapViewController.swift */; };
		7BB0A78C2B7A470F00517D49 /* MapViewhomeView.swift in Sources */ = {isa = PBXBuildFile; fileRef = 7BB0A78B2B7A470F00517D49 /* MapViewhomeView.swift */; };
		7BB0A78E2B7A514B00517D49 /* locationTableCell.swift in Sources */ = {isa = PBXBuildFile; fileRef = 7BB0A78D2B7A514B00517D49 /* locationTableCell.swift */; };
		7BB0A7912B7A523500517D49 /* InfoBoxView.swift in Sources */ = {isa = PBXBuildFile; fileRef = 7BB0A7902B7A523500517D49 /* InfoBoxView.swift */; };
/* End PBXBuildFile section */

/* Begin PBXFileReference section */
		7BB0A7082B762B7500517D49 /* WeatherApp.app */ = {isa = PBXFileReference; explicitFileType = wrapper.application; includeInIndex = 0; path = WeatherApp.app; sourceTree = BUILT_PRODUCTS_DIR; };
		7BB0A70B2B762B7500517D49 /* AppDelegate.swift */ = {isa = PBXFileReference; lastKnownFileType = sourcecode.swift; path = AppDelegate.swift; sourceTree = "<group>"; };
		7BB0A70D2B762B7500517D49 /* SceneDelegate.swift */ = {isa = PBXFileReference; lastKnownFileType = sourcecode.swift; path = SceneDelegate.swift; sourceTree = "<group>"; };
		7BB0A70F2B762B7500517D49 /* WeatherMainViewController.swift */ = {isa = PBXFileReference; lastKnownFileType = sourcecode.swift; path = WeatherMainViewController.swift; sourceTree = "<group>"; };
		7BB0A7142B762B7600517D49 /* Assets.xcassets */ = {isa = PBXFileReference; lastKnownFileType = folder.assetcatalog; path = Assets.xcassets; sourceTree = "<group>"; };
		7BB0A7172B762B7600517D49 /* Base */ = {isa = PBXFileReference; lastKnownFileType = file.storyboard; name = Base; path = Base.lproj/LaunchScreen.storyboard; sourceTree = "<group>"; };
		7BB0A7192B762B7600517D49 /* Info.plist */ = {isa = PBXFileReference; lastKnownFileType = text.plist.xml; path = Info.plist; sourceTree = "<group>"; };
		7BB0A71F2B762BAB00517D49 /* memo */ = {isa = PBXFileReference; lastKnownFileType = text; path = memo; sourceTree = "<group>"; };
		7BB0A7262B76883700517D49 /* .gitignore */ = {isa = PBXFileReference; lastKnownFileType = text; path = .gitignore; sourceTree = "<group>"; };
		7BB0A7292B76887300517D49 /* APIKey.swift */ = {isa = PBXFileReference; lastKnownFileType = sourcecode.swift; path = APIKey.swift; sourceTree = "<group>"; };
		7BB0A72B2B76F18900517D49 /* WeatherAPI.swift */ = {isa = PBXFileReference; lastKnownFileType = sourcecode.swift; path = WeatherAPI.swift; sourceTree = "<group>"; };
		7BB0A72D2B76FF6B00517D49 /* WeaherAPIManager.swift */ = {isa = PBXFileReference; lastKnownFileType = sourcecode.swift; path = WeaherAPIManager.swift; sourceTree = "<group>"; };
		7BB0A7322B7703B900517D49 /* APIModel.swift */ = {isa = PBXFileReference; lastKnownFileType = sourcecode.swift; path = APIModel.swift; sourceTree = "<group>"; };
		7BB0A7352B7762C200517D49 /* HomeTableHeaderModel.swift */ = {isa = PBXFileReference; lastKnownFileType = sourcecode.swift; path = HomeTableHeaderModel.swift; sourceTree = "<group>"; };
		7BB0A7372B77670800517D49 /* TempAssistance.swift */ = {isa = PBXFileReference; lastKnownFileType = sourcecode.swift; path = TempAssistance.swift; sourceTree = "<group>"; };
		7BB0A7392B777E6900517D49 /* DateAssistance.swift */ = {isa = PBXFileReference; lastKnownFileType = sourcecode.swift; path = DateAssistance.swift; sourceTree = "<group>"; };
		7BB0A73E2B78BA1200517D49 /* MainHomeView.swift */ = {isa = PBXFileReference; lastKnownFileType = sourcecode.swift; path = MainHomeView.swift; sourceTree = "<group>"; };
		7BB0A7422B78BA5500517D49 /* BaseView.swift */ = {isa = PBXFileReference; lastKnownFileType = sourcecode.swift; path = BaseView.swift; sourceTree = "<group>"; };
		7BB0A7462B78BB3C00517D49 /* CurrentWeatherHeaderView.swift */ = {isa = PBXFileReference; lastKnownFileType = sourcecode.swift; path = CurrentWeatherHeaderView.swift; sourceTree = "<group>"; };
		7BB0A74D2B78CABD00517D49 /* TestViewContoller.swift */ = {isa = PBXFileReference; lastKnownFileType = sourcecode.swift; path = TestViewContoller.swift; sourceTree = "<group>"; };
		7BB0A74F2B78D80600517D49 /* Extention.swift */ = {isa = PBXFileReference; lastKnownFileType = sourcecode.swift; path = Extention.swift; sourceTree = "<group>"; };
		7BB0A7512B78F4C900517D49 /*  TemperatureAssistance.swift */ = {isa = PBXFileReference; lastKnownFileType = sourcecode.swift; path = " TemperatureAssistance.swift"; sourceTree = "<group>"; };
		7BB0A7552B78FAE800517D49 /* MainHomeTableViewCell.swift */ = {isa = PBXFileReference; lastKnownFileType = sourcecode.swift; path = MainHomeTableViewCell.swift; sourceTree = "<group>"; };
		7BB0A7582B78FB0C00517D49 /* BaseTableCell.swift */ = {isa = PBXFileReference; lastKnownFileType = sourcecode.swift; path = BaseTableCell.swift; sourceTree = "<group>"; };
		7BB0A75D2B78FC6C00517D49 /* IntervalLabelView.swift */ = {isa = PBXFileReference; lastKnownFileType = sourcecode.swift; path = IntervalLabelView.swift; sourceTree = "<group>"; };
		7BB0A75F2B790B2200517D49 /* Session.swift */ = {isa = PBXFileReference; lastKnownFileType = sourcecode.swift; path = Session.swift; sourceTree = "<group>"; };
		7BB0A7632B790D1E00517D49 /* TimesWeatherCollecionViewCell.swift */ = {isa = PBXFileReference; lastKnownFileType = sourcecode.swift; path = TimesWeatherCollecionViewCell.swift; sourceTree = "<group>"; };
		7BB0A7652B790D3400517D49 /* BaseCollectionViewCell.swift */ = {isa = PBXFileReference; lastKnownFileType = sourcecode.swift; path = BaseCollectionViewCell.swift; sourceTree = "<group>"; };
		7BB0A76A2B79A55900517D49 /* IntervalDateAssistance.swift */ = {isa = PBXFileReference; lastKnownFileType = sourcecode.swift; path = IntervalDateAssistance.swift; sourceTree = "<group>"; };
		7BB0A76C2B79B8D400517D49 /* ImageAssistance.swift */ = {isa = PBXFileReference; lastKnownFileType = sourcecode.swift; path = ImageAssistance.swift; sourceTree = "<group>"; };
		7BB0A76E2B79C09400517D49 /* FiveDayIntervalTableCell.swift */ = {isa = PBXFileReference; lastKnownFileType = sourcecode.swift; path = FiveDayIntervalTableCell.swift; sourceTree = "<group>"; };
		7BB0A7702B79CD1500517D49 /* FiveInnerTableViewCell.swift */ = {isa = PBXFileReference; lastKnownFileType = sourcecode.swift; path = FiveInnerTableViewCell.swift; sourceTree = "<group>"; };
		7BB0A7732B7A03D400517D49 /* WeatherTabbarController.swift */ = {isa = PBXFileReference; lastKnownFileType = sourcecode.swift; path = WeatherTabbarController.swift; sourceTree = "<group>"; };
		7BB0A7752B7A073300517D49 /* CustomTabbarView.swift */ = {isa = PBXFileReference; lastKnownFileType = sourcecode.swift; path = CustomTabbarView.swift; sourceTree = "<group>"; };
		7BB0A7772B7A107800517D49 /* CityListViewController.swift */ = {isa = PBXFileReference; lastKnownFileType = sourcecode.swift; path = CityListViewController.swift; sourceTree = "<group>"; };
		7BB0A7792B7A109000517D49 /* BaseViewController.swift */ = {isa = PBXFileReference; lastKnownFileType = sourcecode.swift; path = BaseViewController.swift; sourceTree = "<group>"; };
		7BB0A77C2B7A115E00517D49 /* CityListHomeView.swift */ = {isa = PBXFileReference; lastKnownFileType = sourcecode.swift; path = CityListHomeView.swift; sourceTree = "<group>"; };
		7BB0A77E2B7A13AB00517D49 /* CityList1.json */ = {isa = PBXFileReference; fileEncoding = 4; lastKnownFileType = text.json; path = CityList1.json; sourceTree = "<group>"; };
		7BB0A7812B7A141400517D49 /* CityInfo.swift */ = {isa = PBXFileReference; lastKnownFileType = sourcecode.swift; path = CityInfo.swift; sourceTree = "<group>"; };
		7BB0A7832B7A1A1C00517D49 /* CityInfoTableViewCell.swift */ = {isa = PBXFileReference; lastKnownFileType = sourcecode.swift; path = CityInfoTableViewCell.swift; sourceTree = "<group>"; };
		7BB0A7852B7A2BA900517D49 /* AlertAssistance.swift */ = {isa = PBXFileReference; lastKnownFileType = sourcecode.swift; path = AlertAssistance.swift; sourceTree = "<group>"; };
		7BB0A7872B7A32C700517D49 /* SearchAssistance.swift */ = {isa = PBXFileReference; lastKnownFileType = sourcecode.swift; path = SearchAssistance.swift; sourceTree = "<group>"; };
		7BB0A7892B7A46E100517D49 /* MapViewController.swift */ = {isa = PBXFileReference; lastKnownFileType = sourcecode.swift; path = MapViewController.swift; sourceTree = "<group>"; };
		7BB0A78B2B7A470F00517D49 /* MapViewhomeView.swift */ = {isa = PBXFileReference; lastKnownFileType = sourcecode.swift; path = MapViewhomeView.swift; sourceTree = "<group>"; };
		7BB0A78D2B7A514B00517D49 /* locationTableCell.swift */ = {isa = PBXFileReference; lastKnownFileType = sourcecode.swift; path = locationTableCell.swift; sourceTree = "<group>"; };
		7BB0A7902B7A523500517D49 /* InfoBoxView.swift */ = {isa = PBXFileReference; lastKnownFileType = sourcecode.swift; path = InfoBoxView.swift; sourceTree = "<group>"; };
/* End PBXFileReference section */

/* Begin PBXFrameworksBuildPhase section */
		7BB0A7052B762B7500517D49 /* Frameworks */ = {
			isa = PBXFrameworksBuildPhase;
			buildActionMask = 2147483647;
			files = (
				7BB0A7692B790E0A00517D49 /* Kingfisher in Frameworks */,
				7BB0A74A2B78BD6E00517D49 /* SnapKit in Frameworks */,
				7BB0A74C2B78BD6E00517D49 /* SnapKit-Dynamic in Frameworks */,
			);
			runOnlyForDeploymentPostprocessing = 0;
		};
/* End PBXFrameworksBuildPhase section */

/* Begin PBXGroup section */
		7BB0A6FF2B762B7500517D49 = {
			isa = PBXGroup;
			children = (
				7BB0A77E2B7A13AB00517D49 /* CityList1.json */,
				7BB0A7262B76883700517D49 /* .gitignore */,
				7BB0A70A2B762B7500517D49 /* WeatherApp */,
				7BB0A7092B762B7500517D49 /* Products */,
			);
			sourceTree = "<group>";
		};
		7BB0A7092B762B7500517D49 /* Products */ = {
			isa = PBXGroup;
			children = (
				7BB0A7082B762B7500517D49 /* WeatherApp.app */,
			);
			name = Products;
			sourceTree = "<group>";
		};
		7BB0A70A2B762B7500517D49 /* WeatherApp */ = {
			isa = PBXGroup;
			children = (
				7BB0A7282B76885100517D49 /* APIKey */,
				7BB0A7252B76618900517D49 /* Assistance */,
				7BB0A7242B76617500517D49 /* APIs */,
				7BB0A7232B76616900517D49 /* Model */,
				7BB0A7222B76616200517D49 /* View */,
				7BB0A7212B76614800517D49 /* TeststerGroup */,
				7BB0A70B2B762B7500517D49 /* AppDelegate.swift */,
				7BB0A70D2B762B7500517D49 /* SceneDelegate.swift */,
				7BB0A7142B762B7600517D49 /* Assets.xcassets */,
				7BB0A7162B762B7600517D49 /* LaunchScreen.storyboard */,
				7BB0A7192B762B7600517D49 /* Info.plist */,
				7BB0A71F2B762BAB00517D49 /* memo */,
				7BB0A74F2B78D80600517D49 /* Extention.swift */,
			);
			path = WeatherApp;
			sourceTree = "<group>";
		};
		7BB0A7212B76614800517D49 /* TeststerGroup */ = {
			isa = PBXGroup;
			children = (
				7BB0A74D2B78CABD00517D49 /* TestViewContoller.swift */,
			);
			path = TeststerGroup;
			sourceTree = "<group>";
		};
		7BB0A7222B76616200517D49 /* View */ = {
			isa = PBXGroup;
			children = (
				7BB0A78F2B7A521700517D49 /* CustomViews */,
				7BB0A7722B7A03B200517D49 /* TabbarContoller */,
				7BB0A7532B78FA7C00517D49 /* Cell */,
				7BB0A7452B78BB1A00517D49 /* TabelHearderView */,
				7BB0A7402B78BA2500517D49 /* Base */,
				7BB0A73C2B78B9F000517D49 /* HomeView */,
				7BB0A73B2B78B9D900517D49 /* ViewContoller */,
			);
			path = View;
			sourceTree = "<group>";
		};
		7BB0A7232B76616900517D49 /* Model */ = {
			isa = PBXGroup;
			children = (
				7BB0A7802B7A140A00517D49 /* JsonModel */,
				7BB0A7342B7762B100517D49 /* ViewModel */,
				7BB0A7312B7703AB00517D49 /* APIModel */,
				7BB0A75F2B790B2200517D49 /* Session.swift */,
			);
			path = Model;
			sourceTree = "<group>";
		};
		7BB0A7242B76617500517D49 /* APIs */ = {
			isa = PBXGroup;
			children = (
				7BB0A7302B76FF8400517D49 /* API */,
				7BB0A72F2B76FF7900517D49 /* Manager */,
			);
			path = APIs;
			sourceTree = "<group>";
		};
		7BB0A7252B76618900517D49 /* Assistance */ = {
			isa = PBXGroup;
			children = (
				7BB0A7372B77670800517D49 /* TempAssistance.swift */,
				7BB0A7392B777E6900517D49 /* DateAssistance.swift */,
				7BB0A7512B78F4C900517D49 /*  TemperatureAssistance.swift */,
				7BB0A76C2B79B8D400517D49 /* ImageAssistance.swift */,
				7BB0A7852B7A2BA900517D49 /* AlertAssistance.swift */,
				7BB0A7872B7A32C700517D49 /* SearchAssistance.swift */,
			);
			path = Assistance;
			sourceTree = "<group>";
		};
		7BB0A7282B76885100517D49 /* APIKey */ = {
			isa = PBXGroup;
			children = (
				7BB0A7292B76887300517D49 /* APIKey.swift */,
			);
			path = APIKey;
			sourceTree = "<group>";
		};
		7BB0A72F2B76FF7900517D49 /* Manager */ = {
			isa = PBXGroup;
			children = (
				7BB0A72D2B76FF6B00517D49 /* WeaherAPIManager.swift */,
			);
			path = Manager;
			sourceTree = "<group>";
		};
		7BB0A7302B76FF8400517D49 /* API */ = {
			isa = PBXGroup;
			children = (
				7BB0A72B2B76F18900517D49 /* WeatherAPI.swift */,
			);
			path = API;
			sourceTree = "<group>";
		};
		7BB0A7312B7703AB00517D49 /* APIModel */ = {
			isa = PBXGroup;
			children = (
				7BB0A7322B7703B900517D49 /* APIModel.swift */,
			);
			path = APIModel;
			sourceTree = "<group>";
		};
		7BB0A7342B7762B100517D49 /* ViewModel */ = {
			isa = PBXGroup;
			children = (
				7BB0A7352B7762C200517D49 /* HomeTableHeaderModel.swift */,
				7BB0A76A2B79A55900517D49 /* IntervalDateAssistance.swift */,
			);
			path = ViewModel;
			sourceTree = "<group>";
		};
		7BB0A73B2B78B9D900517D49 /* ViewContoller */ = {
			isa = PBXGroup;
			children = (
				7BB0A70F2B762B7500517D49 /* WeatherMainViewController.swift */,
				7BB0A7772B7A107800517D49 /* CityListViewController.swift */,
				7BB0A7892B7A46E100517D49 /* MapViewController.swift */,
			);
			path = ViewContoller;
			sourceTree = "<group>";
		};
		7BB0A73C2B78B9F000517D49 /* HomeView */ = {
			isa = PBXGroup;
			children = (
				7BB0A73E2B78BA1200517D49 /* MainHomeView.swift */,
				7BB0A77C2B7A115E00517D49 /* CityListHomeView.swift */,
				7BB0A78B2B7A470F00517D49 /* MapViewhomeView.swift */,
			);
			path = HomeView;
			sourceTree = "<group>";
		};
		7BB0A7402B78BA2500517D49 /* Base */ = {
			isa = PBXGroup;
			children = (
				7BB0A77B2B7A110300517D49 /* BaseViewController */,
				7BB0A7572B78FAFE00517D49 /* BaseCell */,
				7BB0A7412B78BA3100517D49 /* BaseView */,
			);
			path = Base;
			sourceTree = "<group>";
		};
		7BB0A7412B78BA3100517D49 /* BaseView */ = {
			isa = PBXGroup;
			children = (
				7BB0A7422B78BA5500517D49 /* BaseView.swift */,
			);
			path = BaseView;
			sourceTree = "<group>";
		};
		7BB0A7452B78BB1A00517D49 /* TabelHearderView */ = {
			isa = PBXGroup;
			children = (
				7BB0A7462B78BB3C00517D49 /* CurrentWeatherHeaderView.swift */,
			);
			path = TabelHearderView;
			sourceTree = "<group>";
		};
		7BB0A7532B78FA7C00517D49 /* Cell */ = {
			isa = PBXGroup;
			children = (
				7BB0A7622B790CEF00517D49 /* ColletionViewCell */,
				7BB0A7612B790CE200517D49 /* Table */,
			);
			path = Cell;
			sourceTree = "<group>";
		};
		7BB0A7572B78FAFE00517D49 /* BaseCell */ = {
			isa = PBXGroup;
			children = (
				7BB0A7582B78FB0C00517D49 /* BaseTableCell.swift */,
				7BB0A7652B790D3400517D49 /* BaseCollectionViewCell.swift */,
			);
			path = BaseCell;
			sourceTree = "<group>";
		};
		7BB0A75A2B78FBB700517D49 /* LabelView */ = {
			isa = PBXGroup;
			children = (
				7BB0A75D2B78FC6C00517D49 /* IntervalLabelView.swift */,
			);
			path = LabelView;
			sourceTree = "<group>";
		};
		7BB0A7612B790CE200517D49 /* Table */ = {
			isa = PBXGroup;
			children = (
				7BB0A7552B78FAE800517D49 /* MainHomeTableViewCell.swift */,
				7BB0A76E2B79C09400517D49 /* FiveDayIntervalTableCell.swift */,
				7BB0A7702B79CD1500517D49 /* FiveInnerTableViewCell.swift */,
				7BB0A7832B7A1A1C00517D49 /* CityInfoTableViewCell.swift */,
				7BB0A78D2B7A514B00517D49 /* locationTableCell.swift */,
			);
			path = Table;
			sourceTree = "<group>";
		};
		7BB0A7622B790CEF00517D49 /* ColletionViewCell */ = {
			isa = PBXGroup;
			children = (
				7BB0A7632B790D1E00517D49 /* TimesWeatherCollecionViewCell.swift */,
			);
			path = ColletionViewCell;
			sourceTree = "<group>";
		};
		7BB0A7722B7A03B200517D49 /* TabbarContoller */ = {
			isa = PBXGroup;
			children = (
				7BB0A7732B7A03D400517D49 /* WeatherTabbarController.swift */,
				7BB0A7752B7A073300517D49 /* CustomTabbarView.swift */,
			);
			path = TabbarContoller;
			sourceTree = "<group>";
		};
		7BB0A77B2B7A110300517D49 /* BaseViewController */ = {
			isa = PBXGroup;
			children = (
				7BB0A7792B7A109000517D49 /* BaseViewController.swift */,
			);
			path = BaseViewController;
			sourceTree = "<group>";
		};
		7BB0A7802B7A140A00517D49 /* JsonModel */ = {
			isa = PBXGroup;
			children = (
				7BB0A7812B7A141400517D49 /* CityInfo.swift */,
			);
			path = JsonModel;
			sourceTree = "<group>";
		};
		7BB0A78F2B7A521700517D49 /* CustomViews */ = {
			isa = PBXGroup;
			children = (
				7BB0A75A2B78FBB700517D49 /* LabelView */,
				7BB0A7902B7A523500517D49 /* InfoBoxView.swift */,
			);
			path = CustomViews;
			sourceTree = "<group>";
		};
/* End PBXGroup section */

/* Begin PBXNativeTarget section */
		7BB0A7072B762B7500517D49 /* WeatherApp */ = {
			isa = PBXNativeTarget;
			buildConfigurationList = 7BB0A71C2B762B7600517D49 /* Build configuration list for PBXNativeTarget "WeatherApp" */;
			buildPhases = (
				7BB0A7042B762B7500517D49 /* Sources */,
				7BB0A7052B762B7500517D49 /* Frameworks */,
				7BB0A7062B762B7500517D49 /* Resources */,
			);
			buildRules = (
			);
			dependencies = (
			);
			name = WeatherApp;
			packageProductDependencies = (
				7BB0A7492B78BD6E00517D49 /* SnapKit */,
				7BB0A74B2B78BD6E00517D49 /* SnapKit-Dynamic */,
				7BB0A7682B790E0A00517D49 /* Kingfisher */,
			);
			productName = WeatherApp;
			productReference = 7BB0A7082B762B7500517D49 /* WeatherApp.app */;
			productType = "com.apple.product-type.application";
		};
/* End PBXNativeTarget section */

/* Begin PBXProject section */
		7BB0A7002B762B7500517D49 /* Project object */ = {
			isa = PBXProject;
			attributes = {
				BuildIndependentTargetsInParallel = 1;
				LastSwiftUpdateCheck = 1510;
				LastUpgradeCheck = 1510;
				TargetAttributes = {
					7BB0A7072B762B7500517D49 = {
						CreatedOnToolsVersion = 15.1;
					};
				};
			};
			buildConfigurationList = 7BB0A7032B762B7500517D49 /* Build configuration list for PBXProject "WeatherApp" */;
			compatibilityVersion = "Xcode 14.0";
			developmentRegion = en;
			hasScannedForEncodings = 0;
			knownRegions = (
				en,
				Base,
			);
			mainGroup = 7BB0A6FF2B762B7500517D49;
			packageReferences = (
				7BB0A7482B78BD6E00517D49 /* XCRemoteSwiftPackageReference "SnapKit" */,
				7BB0A7672B790E0A00517D49 /* XCRemoteSwiftPackageReference "Kingfisher" */,
			);
			productRefGroup = 7BB0A7092B762B7500517D49 /* Products */;
			projectDirPath = "";
			projectRoot = "";
			targets = (
				7BB0A7072B762B7500517D49 /* WeatherApp */,
			);
		};
/* End PBXProject section */

/* Begin PBXResourcesBuildPhase section */
		7BB0A7062B762B7500517D49 /* Resources */ = {
			isa = PBXResourcesBuildPhase;
			buildActionMask = 2147483647;
			files = (
				7BB0A7272B76883700517D49 /* .gitignore in Resources */,
				7BB0A7182B762B7600517D49 /* LaunchScreen.storyboard in Resources */,
				7BB0A7152B762B7600517D49 /* Assets.xcassets in Resources */,
				7BB0A7202B762BAB00517D49 /* memo in Resources */,
				7BB0A77F2B7A13AB00517D49 /* CityList1.json in Resources */,
			);
			runOnlyForDeploymentPostprocessing = 0;
		};
/* End PBXResourcesBuildPhase section */

/* Begin PBXSourcesBuildPhase section */
		7BB0A7042B762B7500517D49 /* Sources */ = {
			isa = PBXSourcesBuildPhase;
			buildActionMask = 2147483647;
			files = (
				7BB0A77A2B7A109000517D49 /* BaseViewController.swift in Sources */,
				7BB0A7742B7A03D400517D49 /* WeatherTabbarController.swift in Sources */,
				7BB0A7912B7A523500517D49 /* InfoBoxView.swift in Sources */,
				7BB0A7602B790B2200517D49 /* Session.swift in Sources */,
				7BB0A76D2B79B8D400517D49 /* ImageAssistance.swift in Sources */,
				7BB0A7332B7703B900517D49 /* APIModel.swift in Sources */,
				7BB0A7842B7A1A1C00517D49 /* CityInfoTableViewCell.swift in Sources */,
				7BB0A7882B7A32C700517D49 /* SearchAssistance.swift in Sources */,
				7BB0A7822B7A141400517D49 /* CityInfo.swift in Sources */,
				7BB0A7472B78BB3C00517D49 /* CurrentWeatherHeaderView.swift in Sources */,
				7BB0A75E2B78FC6C00517D49 /* IntervalLabelView.swift in Sources */,
				7BB0A72E2B76FF6B00517D49 /* WeaherAPIManager.swift in Sources */,
				7BB0A7522B78F4C900517D49 /*  TemperatureAssistance.swift in Sources */,
				7BB0A7592B78FB0C00517D49 /* BaseTableCell.swift in Sources */,
				7BB0A7782B7A107800517D49 /* CityListViewController.swift in Sources */,
				7BB0A7382B77670800517D49 /* TempAssistance.swift in Sources */,
				7BB0A78E2B7A514B00517D49 /* locationTableCell.swift in Sources */,
				7BB0A7502B78D80600517D49 /* Extention.swift in Sources */,
				7BB0A7762B7A073300517D49 /* CustomTabbarView.swift in Sources */,
				7BB0A7102B762B7500517D49 /* WeatherMainViewController.swift in Sources */,
				7BB0A73F2B78BA1200517D49 /* MainHomeView.swift in Sources */,
				7BB0A7712B79CD1500517D49 /* FiveInnerTableViewCell.swift in Sources */,
				7BB0A70C2B762B7500517D49 /* AppDelegate.swift in Sources */,
				7BB0A76F2B79C09400517D49 /* FiveDayIntervalTableCell.swift in Sources */,
				7BB0A73A2B777E6900517D49 /* DateAssistance.swift in Sources */,
				7BB0A72A2B76887300517D49 /* APIKey.swift in Sources */,
				7BB0A76B2B79A55900517D49 /* IntervalDateAssistance.swift in Sources */,
				7BB0A78C2B7A470F00517D49 /* MapViewhomeView.swift in Sources */,
				7BB0A7642B790D1E00517D49 /* TimesWeatherCollecionViewCell.swift in Sources */,
				7BB0A7432B78BA5500517D49 /* BaseView.swift in Sources */,
				7BB0A7862B7A2BA900517D49 /* AlertAssistance.swift in Sources */,
				7BB0A72C2B76F18900517D49 /* WeatherAPI.swift in Sources */,
				7BB0A74E2B78CABD00517D49 /* TestViewContoller.swift in Sources */,
				7BB0A70E2B762B7500517D49 /* SceneDelegate.swift in Sources */,
				7BB0A78A2B7A46E100517D49 /* MapViewController.swift in Sources */,
				7BB0A77D2B7A115E00517D49 /* CityListHomeView.swift in Sources */,
				7BB0A7362B7762C200517D49 /* HomeTableHeaderModel.swift in Sources */,
				7BB0A7662B790D3400517D49 /* BaseCollectionViewCell.swift in Sources */,
				7BB0A7562B78FAE800517D49 /* MainHomeTableViewCell.swift in Sources */,
			);
			runOnlyForDeploymentPostprocessing = 0;
		};
/* End PBXSourcesBuildPhase section */

/* Begin PBXVariantGroup section */
		7BB0A7162B762B7600517D49 /* LaunchScreen.storyboard */ = {
			isa = PBXVariantGroup;
			children = (
				7BB0A7172B762B7600517D49 /* Base */,
			);
			name = LaunchScreen.storyboard;
			sourceTree = "<group>";
		};
/* End PBXVariantGroup section */

/* Begin XCBuildConfiguration section */
		7BB0A71A2B762B7600517D49 /* Debug */ = {
			isa = XCBuildConfiguration;
			buildSettings = {
				ALWAYS_SEARCH_USER_PATHS = NO;
				ASSETCATALOG_COMPILER_GENERATE_SWIFT_ASSET_SYMBOL_EXTENSIONS = YES;
				CLANG_ANALYZER_NONNULL = YES;
				CLANG_ANALYZER_NUMBER_OBJECT_CONVERSION = YES_AGGRESSIVE;
				CLANG_CXX_LANGUAGE_STANDARD = "gnu++20";
				CLANG_ENABLE_MODULES = YES;
				CLANG_ENABLE_OBJC_ARC = YES;
				CLANG_ENABLE_OBJC_WEAK = YES;
				CLANG_WARN_BLOCK_CAPTURE_AUTORELEASING = YES;
				CLANG_WARN_BOOL_CONVERSION = YES;
				CLANG_WARN_COMMA = YES;
				CLANG_WARN_CONSTANT_CONVERSION = YES;
				CLANG_WARN_DEPRECATED_OBJC_IMPLEMENTATIONS = YES;
				CLANG_WARN_DIRECT_OBJC_ISA_USAGE = YES_ERROR;
				CLANG_WARN_DOCUMENTATION_COMMENTS = YES;
				CLANG_WARN_EMPTY_BODY = YES;
				CLANG_WARN_ENUM_CONVERSION = YES;
				CLANG_WARN_INFINITE_RECURSION = YES;
				CLANG_WARN_INT_CONVERSION = YES;
				CLANG_WARN_NON_LITERAL_NULL_CONVERSION = YES;
				CLANG_WARN_OBJC_IMPLICIT_RETAIN_SELF = YES;
				CLANG_WARN_OBJC_LITERAL_CONVERSION = YES;
				CLANG_WARN_OBJC_ROOT_CLASS = YES_ERROR;
				CLANG_WARN_QUOTED_INCLUDE_IN_FRAMEWORK_HEADER = YES;
				CLANG_WARN_RANGE_LOOP_ANALYSIS = YES;
				CLANG_WARN_STRICT_PROTOTYPES = YES;
				CLANG_WARN_SUSPICIOUS_MOVE = YES;
				CLANG_WARN_UNGUARDED_AVAILABILITY = YES_AGGRESSIVE;
				CLANG_WARN_UNREACHABLE_CODE = YES;
				CLANG_WARN__DUPLICATE_METHOD_MATCH = YES;
				COPY_PHASE_STRIP = NO;
				DEBUG_INFORMATION_FORMAT = dwarf;
				ENABLE_STRICT_OBJC_MSGSEND = YES;
				ENABLE_TESTABILITY = YES;
				ENABLE_USER_SCRIPT_SANDBOXING = YES;
				GCC_C_LANGUAGE_STANDARD = gnu17;
				GCC_DYNAMIC_NO_PIC = NO;
				GCC_NO_COMMON_BLOCKS = YES;
				GCC_OPTIMIZATION_LEVEL = 0;
				GCC_PREPROCESSOR_DEFINITIONS = (
					"DEBUG=1",
					"$(inherited)",
				);
				GCC_WARN_64_TO_32_BIT_CONVERSION = YES;
				GCC_WARN_ABOUT_RETURN_TYPE = YES_ERROR;
				GCC_WARN_UNDECLARED_SELECTOR = YES;
				GCC_WARN_UNINITIALIZED_AUTOS = YES_AGGRESSIVE;
				GCC_WARN_UNUSED_FUNCTION = YES;
				GCC_WARN_UNUSED_VARIABLE = YES;
				IPHONEOS_DEPLOYMENT_TARGET = 17.2;
				LOCALIZATION_PREFERS_STRING_CATALOGS = YES;
				MTL_ENABLE_DEBUG_INFO = INCLUDE_SOURCE;
				MTL_FAST_MATH = YES;
				ONLY_ACTIVE_ARCH = YES;
				SDKROOT = iphoneos;
				SWIFT_ACTIVE_COMPILATION_CONDITIONS = "DEBUG $(inherited)";
				SWIFT_OPTIMIZATION_LEVEL = "-Onone";
			};
			name = Debug;
		};
		7BB0A71B2B762B7600517D49 /* Release */ = {
			isa = XCBuildConfiguration;
			buildSettings = {
				ALWAYS_SEARCH_USER_PATHS = NO;
				ASSETCATALOG_COMPILER_GENERATE_SWIFT_ASSET_SYMBOL_EXTENSIONS = YES;
				CLANG_ANALYZER_NONNULL = YES;
				CLANG_ANALYZER_NUMBER_OBJECT_CONVERSION = YES_AGGRESSIVE;
				CLANG_CXX_LANGUAGE_STANDARD = "gnu++20";
				CLANG_ENABLE_MODULES = YES;
				CLANG_ENABLE_OBJC_ARC = YES;
				CLANG_ENABLE_OBJC_WEAK = YES;
				CLANG_WARN_BLOCK_CAPTURE_AUTORELEASING = YES;
				CLANG_WARN_BOOL_CONVERSION = YES;
				CLANG_WARN_COMMA = YES;
				CLANG_WARN_CONSTANT_CONVERSION = YES;
				CLANG_WARN_DEPRECATED_OBJC_IMPLEMENTATIONS = YES;
				CLANG_WARN_DIRECT_OBJC_ISA_USAGE = YES_ERROR;
				CLANG_WARN_DOCUMENTATION_COMMENTS = YES;
				CLANG_WARN_EMPTY_BODY = YES;
				CLANG_WARN_ENUM_CONVERSION = YES;
				CLANG_WARN_INFINITE_RECURSION = YES;
				CLANG_WARN_INT_CONVERSION = YES;
				CLANG_WARN_NON_LITERAL_NULL_CONVERSION = YES;
				CLANG_WARN_OBJC_IMPLICIT_RETAIN_SELF = YES;
				CLANG_WARN_OBJC_LITERAL_CONVERSION = YES;
				CLANG_WARN_OBJC_ROOT_CLASS = YES_ERROR;
				CLANG_WARN_QUOTED_INCLUDE_IN_FRAMEWORK_HEADER = YES;
				CLANG_WARN_RANGE_LOOP_ANALYSIS = YES;
				CLANG_WARN_STRICT_PROTOTYPES = YES;
				CLANG_WARN_SUSPICIOUS_MOVE = YES;
				CLANG_WARN_UNGUARDED_AVAILABILITY = YES_AGGRESSIVE;
				CLANG_WARN_UNREACHABLE_CODE = YES;
				CLANG_WARN__DUPLICATE_METHOD_MATCH = YES;
				COPY_PHASE_STRIP = NO;
				DEBUG_INFORMATION_FORMAT = "dwarf-with-dsym";
				ENABLE_NS_ASSERTIONS = NO;
				ENABLE_STRICT_OBJC_MSGSEND = YES;
				ENABLE_USER_SCRIPT_SANDBOXING = YES;
				GCC_C_LANGUAGE_STANDARD = gnu17;
				GCC_NO_COMMON_BLOCKS = YES;
				GCC_WARN_64_TO_32_BIT_CONVERSION = YES;
				GCC_WARN_ABOUT_RETURN_TYPE = YES_ERROR;
				GCC_WARN_UNDECLARED_SELECTOR = YES;
				GCC_WARN_UNINITIALIZED_AUTOS = YES_AGGRESSIVE;
				GCC_WARN_UNUSED_FUNCTION = YES;
				GCC_WARN_UNUSED_VARIABLE = YES;
				IPHONEOS_DEPLOYMENT_TARGET = 17.2;
				LOCALIZATION_PREFERS_STRING_CATALOGS = YES;
				MTL_ENABLE_DEBUG_INFO = NO;
				MTL_FAST_MATH = YES;
				SDKROOT = iphoneos;
				SWIFT_COMPILATION_MODE = wholemodule;
				VALIDATE_PRODUCT = YES;
			};
			name = Release;
		};
		7BB0A71D2B762B7600517D49 /* Debug */ = {
			isa = XCBuildConfiguration;
			buildSettings = {
				ASSETCATALOG_COMPILER_APPICON_NAME = AppIcon;
				ASSETCATALOG_COMPILER_GLOBAL_ACCENT_COLOR_NAME = AccentColor;
				CODE_SIGN_STYLE = Automatic;
				CURRENT_PROJECT_VERSION = 1;
				DEVELOPMENT_TEAM = H25F4B7J4U;
				GENERATE_INFOPLIST_FILE = YES;
				INFOPLIST_FILE = WeatherApp/Info.plist;
				INFOPLIST_KEY_UIApplicationSupportsIndirectInputEvents = YES;
				INFOPLIST_KEY_UILaunchStoryboardName = LaunchScreen;
				INFOPLIST_KEY_UISupportedInterfaceOrientations_iPad = "UIInterfaceOrientationPortrait UIInterfaceOrientationPortraitUpsideDown UIInterfaceOrientationLandscapeLeft UIInterfaceOrientationLandscapeRight";
				INFOPLIST_KEY_UISupportedInterfaceOrientations_iPhone = "UIInterfaceOrientationPortrait UIInterfaceOrientationLandscapeLeft UIInterfaceOrientationLandscapeRight";
				LD_RUNPATH_SEARCH_PATHS = (
					"$(inherited)",
					"@executable_path/Frameworks",
				);
				MARKETING_VERSION = 1.0;
				PRODUCT_BUNDLE_IDENTIFIER = com.SilverGun.WeatherApp;
				PRODUCT_NAME = "$(TARGET_NAME)";
				SUPPORTED_PLATFORMS = "iphoneos iphonesimulator";
				SUPPORTS_MACCATALYST = NO;
				SUPPORTS_MAC_DESIGNED_FOR_IPHONE_IPAD = NO;
				SWIFT_EMIT_LOC_STRINGS = YES;
				SWIFT_VERSION = 5.0;
				TARGETED_DEVICE_FAMILY = 1;
			};
			name = Debug;
		};
		7BB0A71E2B762B7600517D49 /* Release */ = {
			isa = XCBuildConfiguration;
			buildSettings = {
				ASSETCATALOG_COMPILER_APPICON_NAME = AppIcon;
				ASSETCATALOG_COMPILER_GLOBAL_ACCENT_COLOR_NAME = AccentColor;
				CODE_SIGN_STYLE = Automatic;
				CURRENT_PROJECT_VERSION = 1;
				DEVELOPMENT_TEAM = H25F4B7J4U;
				GENERATE_INFOPLIST_FILE = YES;
				INFOPLIST_FILE = WeatherApp/Info.plist;
				INFOPLIST_KEY_UIApplicationSupportsIndirectInputEvents = YES;
				INFOPLIST_KEY_UILaunchStoryboardName = LaunchScreen;
				INFOPLIST_KEY_UISupportedInterfaceOrientations_iPad = "UIInterfaceOrientationPortrait UIInterfaceOrientationPortraitUpsideDown UIInterfaceOrientationLandscapeLeft UIInterfaceOrientationLandscapeRight";
				INFOPLIST_KEY_UISupportedInterfaceOrientations_iPhone = "UIInterfaceOrientationPortrait UIInterfaceOrientationLandscapeLeft UIInterfaceOrientationLandscapeRight";
				LD_RUNPATH_SEARCH_PATHS = (
					"$(inherited)",
					"@executable_path/Frameworks",
				);
				MARKETING_VERSION = 1.0;
				PRODUCT_BUNDLE_IDENTIFIER = com.SilverGun.WeatherApp;
				PRODUCT_NAME = "$(TARGET_NAME)";
				SUPPORTED_PLATFORMS = "iphoneos iphonesimulator";
				SUPPORTS_MACCATALYST = NO;
				SUPPORTS_MAC_DESIGNED_FOR_IPHONE_IPAD = NO;
				SWIFT_EMIT_LOC_STRINGS = YES;
				SWIFT_VERSION = 5.0;
				TARGETED_DEVICE_FAMILY = 1;
			};
			name = Release;
		};
/* End XCBuildConfiguration section */

/* Begin XCConfigurationList section */
		7BB0A7032B762B7500517D49 /* Build configuration list for PBXProject "WeatherApp" */ = {
			isa = XCConfigurationList;
			buildConfigurations = (
				7BB0A71A2B762B7600517D49 /* Debug */,
				7BB0A71B2B762B7600517D49 /* Release */,
			);
			defaultConfigurationIsVisible = 0;
			defaultConfigurationName = Release;
		};
		7BB0A71C2B762B7600517D49 /* Build configuration list for PBXNativeTarget "WeatherApp" */ = {
			isa = XCConfigurationList;
			buildConfigurations = (
				7BB0A71D2B762B7600517D49 /* Debug */,
				7BB0A71E2B762B7600517D49 /* Release */,
			);
			defaultConfigurationIsVisible = 0;
			defaultConfigurationName = Release;
		};
/* End XCConfigurationList section */

/* Begin XCRemoteSwiftPackageReference section */
		7BB0A7482B78BD6E00517D49 /* XCRemoteSwiftPackageReference "SnapKit" */ = {
			isa = XCRemoteSwiftPackageReference;
			repositoryURL = "https://github.com/SnapKit/SnapKit.git";
			requirement = {
				kind = upToNextMajorVersion;
				minimumVersion = 5.7.0;
			};
		};
		7BB0A7672B790E0A00517D49 /* XCRemoteSwiftPackageReference "Kingfisher" */ = {
			isa = XCRemoteSwiftPackageReference;
			repositoryURL = "https://github.com/onevcat/Kingfisher.git";
			requirement = {
				kind = upToNextMajorVersion;
				minimumVersion = 7.10.2;
			};
		};
/* End XCRemoteSwiftPackageReference section */

/* Begin XCSwiftPackageProductDependency section */
		7BB0A7492B78BD6E00517D49 /* SnapKit */ = {
			isa = XCSwiftPackageProductDependency;
			package = 7BB0A7482B78BD6E00517D49 /* XCRemoteSwiftPackageReference "SnapKit" */;
			productName = SnapKit;
		};
		7BB0A74B2B78BD6E00517D49 /* SnapKit-Dynamic */ = {
			isa = XCSwiftPackageProductDependency;
			package = 7BB0A7482B78BD6E00517D49 /* XCRemoteSwiftPackageReference "SnapKit" */;
			productName = "SnapKit-Dynamic";
		};
		7BB0A7682B790E0A00517D49 /* Kingfisher */ = {
			isa = XCSwiftPackageProductDependency;
			package = 7BB0A7672B790E0A00517D49 /* XCRemoteSwiftPackageReference "Kingfisher" */;
			productName = Kingfisher;
		};
/* End XCSwiftPackageProductDependency section */
	};
	rootObject = 7BB0A7002B762B7500517D49 /* Project object */;
}
